
Microsoft Visual Studio Solution File, Format Version 12.00
# Visual Studio Version 16
VisualStudioVersion = 16.0.31402.337
MinimumVisualStudioVersion = 10.0.40219.1
Project("{8BC9CEB8-8B4A-11D0-8D11-00A0C91BC942}") = "Meteor", "Meteor.vcxproj", "{09A04788-4FED-423F-B32C-2AB4F887B653}"
EndProject
Global
	GlobalSection(SolutionConfigurationPlatforms) = preSolution
		Debug|x64 = Debug|x64
		Release|x64 = Release|x64
	EndGlobalSection
	GlobalSection(ProjectConfigurationPlatforms) = postSolution
		{09A04788-4FED-423F-B32C-2AB4F887B653}.Debug|x64.ActiveCfg = Debug|x64
		{09A04788-4FED-423F-B32C-2AB4F887B653}.Debug|x64.Build.0 = Debug|x64
		{09A04788-4FED-423F-B32C-2AB4F887B653}.Release|x64.ActiveCfg = Release|x64
		{09A04788-4FED-423F-B32C-2AB4F887B653}.Release|x64.Build.0 = Release|x64
	EndGlobalSection
	GlobalSection(SolutionProperties) = preSolution
		HideSolutionNode = FALSE
	EndGlobalSection
	GlobalSection(ExtensibilityGlobals) = postSolution
		SolutionGuid = {3AECF0B0-7699-4E46-AAA2-6403FB026BA7}
	EndGlobalSection
EndGlobal
